github.com/craftsmandigital/markdown-content-repo v0.0.0-20190912190609-a1d05b25ffd9 h1:qs0iGdUgP/ZZIS1VjF+TB6NErII8YDIuYYPsfA9FOi0=
github.com/craftsmandigital/markdown-content-repo v0.0.0-20190912190609-a1d05b25ffd9/go.mod h1:IokFtpmHjIt5aF7HqLwj4/5iHH9ufF9F/JUMNJQEiFc=
github.com/yihui/hugo-xmin v0.0.0-20201016020520-4100270f6fe5 h1:Lfn6z15yfxX1bvD6gNtPFXa8rkkOXmw3S05Ed7NJ6cw=
github.com/yihui/hugo-xmin v0.0.0-20201016020520-4100270f6fe5/go.mod h1:RiCR4psTF4iydlh4bR9BijKIHmivp7IeBaokx0CvzRA=
